
Microsoft Visual Studio Solution File, Format Version 12.00
# Visual Studio Version 16
VisualStudioVersion = 16.0.31205.134
MinimumVisualStudioVersion = 10.0.40219.1
Project("{FAE04EC0-301F-11D3-BF4B-00C04F79EFBC}") = "Reactivities", "Reactivities\Reactivities.csproj", "{10CFB6D8-20AB-4F95-82AD-CC2441659BB0}"
EndProject
Project("{FAE04EC0-301F-11D3-BF4B-00C04F79EFBC}") = "API", "API\API.csproj", "{FEA98AB8-E522-4C51-8682-AAA8254A0E50}"
EndProject
Project("{FAE04EC0-301F-11D3-BF4B-00C04F79EFBC}") = "Domain", "Domain\Domain.csproj", "{6EE3BF48-E3CF-4956-8B7D-347833747F03}"
EndProject
Project("{FAE04EC0-301F-11D3-BF4B-00C04F79EFBC}") = "Application", "Application\Application.csproj", "{D247465E-6614-46C8-BC2C-181DC7A3060C}"
EndProject
Project("{FAE04EC0-301F-11D3-BF4B-00C04F79EFBC}") = "Persistence", "Persistence\Persistence.csproj", "{EB572A72-913D-4B75-97A2-BBF9AF7DDAB3}"
EndProject
Global
	GlobalSection(SolutionConfigurationPlatforms) = preSolution
		Debug|Any CPU = Debug|Any CPU
		Release|Any CPU = Release|Any CPU
	EndGlobalSection
	GlobalSection(ProjectConfigurationPlatforms) = postSolution
		{10CFB6D8-20AB-4F95-82AD-CC2441659BB0}.Debug|Any CPU.ActiveCfg = Debug|Any CPU
		{10CFB6D8-20AB-4F95-82AD-CC2441659BB0}.Debug|Any CPU.Build.0 = Debug|Any CPU
		{10CFB6D8-20AB-4F95-82AD-CC2441659BB0}.Release|Any CPU.ActiveCfg = Release|Any CPU
		{10CFB6D8-20AB-4F95-82AD-CC2441659BB0}.Release|Any CPU.Build.0 = Release|Any CPU
		{FEA98AB8-E522-4C51-8682-AAA8254A0E50}.Debug|Any CPU.ActiveCfg = Debug|Any CPU
		{FEA98AB8-E522-4C51-8682-AAA8254A0E50}.Debug|Any CPU.Build.0 = Debug|Any CPU
		{FEA98AB8-E522-4C51-8682-AAA8254A0E50}.Release|Any CPU.ActiveCfg = Release|Any CPU
		{FEA98AB8-E522-4C51-8682-AAA8254A0E50}.Release|Any CPU.Build.0 = Release|Any CPU
		{6EE3BF48-E3CF-4956-8B7D-347833747F03}.Debug|Any CPU.ActiveCfg = Debug|Any CPU
		{6EE3BF48-E3CF-4956-8B7D-347833747F03}.Debug|Any CPU.Build.0 = Debug|Any CPU
		{6EE3BF48-E3CF-4956-8B7D-347833747F03}.Release|Any CPU.ActiveCfg = Release|Any CPU
		{6EE3BF48-E3CF-4956-8B7D-347833747F03}.Release|Any CPU.Build.0 = Release|Any CPU
		{D247465E-6614-46C8-BC2C-181DC7A3060C}.Debug|Any CPU.ActiveCfg = Debug|Any CPU
		{D247465E-6614-46C8-BC2C-181DC7A3060C}.Debug|Any CPU.Build.0 = Debug|Any CPU
		{D247465E-6614-46C8-BC2C-181DC7A3060C}.Release|Any CPU.ActiveCfg = Release|Any CPU
		{D247465E-6614-46C8-BC2C-181DC7A3060C}.Release|Any CPU.Build.0 = Release|Any CPU
		{EB572A72-913D-4B75-97A2-BBF9AF7DDAB3}.Debug|Any CPU.ActiveCfg = Debug|Any CPU
		{EB572A72-913D-4B75-97A2-BBF9AF7DDAB3}.Debug|Any CPU.Build.0 = Debug|Any CPU
		{EB572A72-913D-4B75-97A2-BBF9AF7DDAB3}.Release|Any CPU.ActiveCfg = Release|Any CPU
		{EB572A72-913D-4B75-97A2-BBF9AF7DDAB3}.Release|Any CPU.Build.0 = Release|Any CPU
	EndGlobalSection
	GlobalSection(SolutionProperties) = preSolution
		HideSolutionNode = FALSE
	EndGlobalSection
	GlobalSection(ExtensibilityGlobals) = postSolution
		SolutionGuid = {A214A07D-35B4-4182-B9BC-3621787D7BE1}
	EndGlobalSection
EndGlobal
